
Microsoft Visual Studio Solution File, Format Version 12.00
# Visual Studio Version 17
VisualStudioVersion = 17.14.36301.6 d17.14
MinimumVisualStudioVersion = 10.0.40219.1
Project("{FAE04EC0-301F-11D3-BF4B-00C04F79EFBC}") = "Bookify.Web", "Bookify.Web\Bookify.Web.csproj", "{DF569AB3-2B2F-4600-A728-F88D65090E04}"
EndProject
Global
	GlobalSection(SolutionConfigurationPlatforms) = preSolution
		Debug|Any CPU = Debug|Any CPU
		Release|Any CPU = Release|Any CPU
	EndGlobalSection
	GlobalSection(ProjectConfigurationPlatforms) = postSolution
		{DF569AB3-2B2F-4600-A728-F88D65090E04}.Debug|Any CPU.ActiveCfg = Debug|Any CPU
		{DF569AB3-2B2F-4600-A728-F88D65090E04}.Debug|Any CPU.Build.0 = Debug|Any CPU
		{DF569AB3-2B2F-4600-A728-F88D65090E04}.Release|Any CPU.ActiveCfg = Release|Any CPU
		{DF569AB3-2B2F-4600-A728-F88D65090E04}.Release|Any CPU.Build.0 = Release|Any CPU
	EndGlobalSection
	GlobalSection(SolutionProperties) = preSolution
		HideSolutionNode = FALSE
	EndGlobalSection
	GlobalSection(ExtensibilityGlobals) = postSolution
		SolutionGuid = {53F4C160-4C8F-4AD1-AF40-33B82E5B43EC}
	EndGlobalSection
EndGlobal
