
Microsoft Visual Studio Solution File, Format Version 12.00
# Visual Studio Version 17
VisualStudioVersion = 17.14.36301.6
MinimumVisualStudioVersion = 10.0.40219.1
Project("{FAE04EC0-301F-11D3-BF4B-00C04F79EFBC}") = "Rent2Read.Web", "Rent2Read.Web\Rent2Read.Web.csproj", "{434D9A27-D034-5B25-63C7-AF14E0E5A8A3}"
EndProject
Global
	GlobalSection(SolutionConfigurationPlatforms) = preSolution
		Debug|Any CPU = Debug|Any CPU
		Release|Any CPU = Release|Any CPU
	EndGlobalSection
	GlobalSection(ProjectConfigurationPlatforms) = postSolution
		{434D9A27-D034-5B25-63C7-AF14E0E5A8A3}.Debug|Any CPU.ActiveCfg = Debug|Any CPU
		{434D9A27-D034-5B25-63C7-AF14E0E5A8A3}.Debug|Any CPU.Build.0 = Debug|Any CPU
		{434D9A27-D034-5B25-63C7-AF14E0E5A8A3}.Release|Any CPU.ActiveCfg = Release|Any CPU
		{434D9A27-D034-5B25-63C7-AF14E0E5A8A3}.Release|Any CPU.Build.0 = Release|Any CPU
	EndGlobalSection
	GlobalSection(SolutionProperties) = preSolution
		HideSolutionNode = FALSE
	EndGlobalSection
	GlobalSection(ExtensibilityGlobals) = postSolution
		SolutionGuid = {53F4C160-4C8F-4AD1-AF40-33B82E5B43EC}
	EndGlobalSection
EndGlobal
